{"version":4,"terraform_version":"1.12.3","serial":19,"lineage":"a4293e09-7684-71be-4225-5ca8f6f9923b","outputs":{"vms":{"value":{},"type":["object",{}]}},"resources":[{"mode":"managed","type":"openstack_networking_network_v2","name":"group_net","provider":"provider[\"registry.opentofu.org/terraform-provider-openstack/openstack\"]","instances":[{"index_key":"groupe-b","schema_version":0,"attributes":{"admin_state_up":true,"all_tags":[],"availability_zone_hints":[],"description":"","dns_domain":"","external":false,"id":"e8ad978c-266a-47b7-adcd-7009e6fe4357","mtu":1500,"name":"hackathon-groupe-b","port_security_enabled":true,"qos_policy_id":"","region":"dc3-a","segments":[],"shared":false,"tags":[],"tenant_id":"24f14080cf1e4ea48c454c45cfcd5e24","timeouts":null,"transparent_vlan":false,"value_specs":null},"sensitive_attributes":[],"private":"eyJlMmJmYjczMC1lY2FhLTExZTYtOGY4OC0zNDM2M2JjN2M0YzAiOnsiY3JlYXRlIjo2MDAwMDAwMDAwMDAsImRlbGV0ZSI6NjAwMDAwMDAwMDAwfX0="},{"index_key":"groupe1","schema_version":0,"attributes":{"admin_state_up":true,"all_tags":[],"availability_zone_hints":[],"description":"","dns_domain":"","external":false,"id":"5dc29895-a21b-4f19-b949-e0d5e65b7add","mtu":1500,"name":"hackathon-groupe1","port_security_enabled":true,"qos_policy_id":"","region":"dc3-a","segments":[],"shared":false,"tags":[],"tenant_id":"24f14080cf1e4ea48c454c45cfcd5e24","timeouts":null,"transparent_vlan":false,"value_specs":null},"sensitive_attributes":[],"private":"eyJlMmJmYjczMC1lY2FhLTExZTYtOGY4OC0zNDM2M2JjN2M0YzAiOnsiY3JlYXRlIjo2MDAwMDAwMDAwMDAsImRlbGV0ZSI6NjAwMDAwMDAwMDAwfX0="}]},{"mode":"managed","type":"openstack_networking_router_v2","name":"group_router","provider":"provider[\"registry.opentofu.org/terraform-provider-openstack/openstack\"]","instances":[{"index_key":"groupe-b","schema_version":0,"attributes":{"admin_state_up":true,"all_tags":[],"availability_zone_hints":[],"description":"","distributed":false,"enable_snat":true,"external_fixed_ip":[{"ip_address":"195.15.247.158","subnet_id":"b724c3e2-3f08-4d09-ba65-7c41bf0f7872"}],"external_network_id":"0f9c3806-bd21-490f-918d-4a6d1c648489","external_qos_policy_id":null,"external_subnet_ids":null,"id":"05e74140-d8da-408e-9b70-6948b6d48077","name":"hackathon-groupe-b-router","region":"dc3-a","tags":[],"tenant_id":"24f14080cf1e4ea48c454c45cfcd5e24","timeouts":null,"value_specs":null,"vendor_options":[]},"sensitive_attributes":[],"private":"eyJlMmJmYjczMC1lY2FhLTExZTYtOGY4OC0zNDM2M2JjN2M0YzAiOnsiY3JlYXRlIjo2MDAwMDAwMDAwMDAsImRlbGV0ZSI6NjAwMDAwMDAwMDAwfX0="},{"index_key":"groupe1","schema_version":0,"attributes":{"admin_state_up":true,"all_tags":[],"availability_zone_hints":[],"description":"","distributed":false,"enable_snat":true,"external_fixed_ip":[{"ip_address":"195.15.196.105","subnet_id":"5b11891c-91a8-493e-aea6-b076158621be"}],"external_network_id":"0f9c3806-bd21-490f-918d-4a6d1c648489","external_qos_policy_id":null,"external_subnet_ids":null,"id":"01296b3e-2563-46ea-ac91-70b8132f8294","name":"hackathon-groupe1-router","region":"dc3-a","tags":[],"tenant_id":"24f14080cf1e4ea48c454c45cfcd5e24","timeouts":null,"value_specs":null,"vendor_options":[]},"sensitive_attributes":[],"private":"eyJlMmJmYjczMC1lY2FhLTExZTYtOGY4OC0zNDM2M2JjN2M0YzAiOnsiY3JlYXRlIjo2MDAwMDAwMDAwMDAsImRlbGV0ZSI6NjAwMDAwMDAwMDAwfX0="}]},{"mode":"managed","type":"openstack_networking_secgroup_v2","name":"group_sg","provider":"provider[\"registry.opentofu.org/terraform-provider-openstack/openstack\"]","instances":[{"index_key":"groupe-a","schema_version":0,"attributes":{"all_tags":[],"delete_default_rules":null,"description":"Security group hackathon groupe groupe-a","id":"7b858d56-594d-4355-9176-eb0a2001f0fa","name":"hackathon-groupe-a-sg","region":"dc3-a","stateful":true,"tags":[],"tenant_id":"24f14080cf1e4ea48c454c45cfcd5e24","timeouts":null},"sensitive_attributes":[],"private":"eyJlMmJmYjczMC1lY2FhLTExZTYtOGY4OC0zNDM2M2JjN2M0YzAiOnsiZGVsZXRlIjo2MDAwMDAwMDAwMDB9fQ=="}]},{"mode":"managed","type":"openstack_networking_subnet_v2","name":"group_subnet","provider":"provider[\"registry.opentofu.org/terraform-provider-openstack/openstack\"]","instances":[{"index_key":"groupe-b","schema_version":0,"attributes":{"all_tags":[],"allocation_pool":[{"end":"10.10.0.254","start":"10.10.0.2"}],"cidr":"10.10.0.0/24","description":"","dns_nameservers":["1.1.1.1","8.8.8.8"],"dns_publish_fixed_ip":false,"enable_dhcp":true,"gateway_ip":"10.10.0.1","id":"674cb2f7-5a49-4a71-91fd-38ccef3806bf","ip_version":4,"ipv6_address_mode":"","ipv6_ra_mode":"","name":"hackathon-groupe-b-subnet","network_id":"e8ad978c-266a-47b7-adcd-7009e6fe4357","no_gateway":false,"prefix_length":null,"region":"dc3-a","segment_id":"","service_types":[],"subnetpool_id":"","tags":[],"tenant_id":"24f14080cf1e4ea48c454c45cfcd5e24","timeouts":null,"value_specs":null},"sensitive_attributes":[],"private":"eyJlMmJmYjczMC1lY2FhLTExZTYtOGY4OC0zNDM2M2JjN2M0YzAiOnsiY3JlYXRlIjo2MDAwMDAwMDAwMDAsImRlbGV0ZSI6NjAwMDAwMDAwMDAwfX0=","dependencies":["openstack_networking_network_v2.group_net"]},{"index_key":"groupe1","schema_version":0,"attributes":{"all_tags":[],"allocation_pool":[{"end":"10.10.0.254","start":"10.10.0.2"}],"cidr":"10.10.0.0/24","description":"","dns_nameservers":["1.1.1.1","8.8.8.8"],"dns_publish_fixed_ip":false,"enable_dhcp":true,"gateway_ip":"10.10.0.1","id":"6f7ffde3-5cc8-40aa-a5c9-14030cefdbb4","ip_version":4,"ipv6_address_mode":"","ipv6_ra_mode":"","name":"hackathon-groupe1-subnet","network_id":"5dc29895-a21b-4f19-b949-e0d5e65b7add","no_gateway":false,"prefix_length":null,"region":"dc3-a","segment_id":"","service_types":[],"subnetpool_id":"","tags":[],"tenant_id":"24f14080cf1e4ea48c454c45cfcd5e24","timeouts":null,"value_specs":null},"sensitive_attributes":[],"private":"eyJlMmJmYjczMC1lY2FhLTExZTYtOGY4OC0zNDM2M2JjN2M0YzAiOnsiY3JlYXRlIjo2MDAwMDAwMDAwMDAsImRlbGV0ZSI6NjAwMDAwMDAwMDAwfX0=","dependencies":["openstack_networking_network_v2.group_net"]}]}],"check_results":null}
